
Microsoft Visual Studio Solution File, Format Version 12.00
# Visual Studio 14
VisualStudioVersion = 14.0.25420.1
MinimumVisualStudioVersion = 10.0.40219.1
Project("{FAE04EC0-301F-11D3-BF4B-00C04F79EFBC}") = "CapaPresentacion", "CapaPresentacion\CapaPresentacion.csproj", "{6CE975F0-04D9-49DF-A7EF-B0D8B7E940D0}"
EndProject
Project("{FAE04EC0-301F-11D3-BF4B-00C04F79EFBC}") = "CapaModulo", "CapaModulo\CapaModulo.csproj", "{3B20ACC1-02D7-4F69-AA3A-7FDD3F93A2EE}"
EndProject
Project("{FAE04EC0-301F-11D3-BF4B-00C04F79EFBC}") = "Configuracion_Service", "Configuracion_Service\Configuracion_Service.csproj", "{9BDACC69-F880-4F4C-B1F7-8125269AF945}"
EndProject
Project("{FAE04EC0-301F-11D3-BF4B-00C04F79EFBC}") = "ServiceWin_FE", "ServiceWin_FE\ServiceWin_FE.csproj", "{2C54D3B6-35D7-46F9-886F-9CB7A7700238}"
EndProject
Project("{6141683F-8A12-4E36-9623-2EB02B2C2303}") = "Instalador_FE", "Instalador_FE\Instalador_FE.isproj", "{15D95693-4A9F-4265-A5A9-DEA813362D2A}"
EndProject
Global
	GlobalSection(SolutionConfigurationPlatforms) = preSolution
		CD_ROM|Any CPU = CD_ROM|Any CPU
		Debug|Any CPU = Debug|Any CPU
		DVD-5|Any CPU = DVD-5|Any CPU
		Release|Any CPU = Release|Any CPU
		SingleImage|Any CPU = SingleImage|Any CPU
	EndGlobalSection
	GlobalSection(ProjectConfigurationPlatforms) = postSolution
		{6CE975F0-04D9-49DF-A7EF-B0D8B7E940D0}.CD_ROM|Any CPU.ActiveCfg = Release|Any CPU
		{6CE975F0-04D9-49DF-A7EF-B0D8B7E940D0}.CD_ROM|Any CPU.Build.0 = Release|Any CPU
		{6CE975F0-04D9-49DF-A7EF-B0D8B7E940D0}.Debug|Any CPU.ActiveCfg = Debug|Any CPU
		{6CE975F0-04D9-49DF-A7EF-B0D8B7E940D0}.Debug|Any CPU.Build.0 = Debug|Any CPU
		{6CE975F0-04D9-49DF-A7EF-B0D8B7E940D0}.DVD-5|Any CPU.ActiveCfg = Debug|Any CPU
		{6CE975F0-04D9-49DF-A7EF-B0D8B7E940D0}.DVD-5|Any CPU.Build.0 = Debug|Any CPU
		{6CE975F0-04D9-49DF-A7EF-B0D8B7E940D0}.Release|Any CPU.ActiveCfg = Release|Any CPU
		{6CE975F0-04D9-49DF-A7EF-B0D8B7E940D0}.Release|Any CPU.Build.0 = Release|Any CPU
		{6CE975F0-04D9-49DF-A7EF-B0D8B7E940D0}.SingleImage|Any CPU.ActiveCfg = Release|Any CPU
		{6CE975F0-04D9-49DF-A7EF-B0D8B7E940D0}.SingleImage|Any CPU.Build.0 = Release|Any CPU
		{3B20ACC1-02D7-4F69-AA3A-7FDD3F93A2EE}.CD_ROM|Any CPU.ActiveCfg = Release|Any CPU
		{3B20ACC1-02D7-4F69-AA3A-7FDD3F93A2EE}.CD_ROM|Any CPU.Build.0 = Release|Any CPU
		{3B20ACC1-02D7-4F69-AA3A-7FDD3F93A2EE}.Debug|Any CPU.ActiveCfg = Debug|Any CPU
		{3B20ACC1-02D7-4F69-AA3A-7FDD3F93A2EE}.Debug|Any CPU.Build.0 = Debug|Any CPU
		{3B20ACC1-02D7-4F69-AA3A-7FDD3F93A2EE}.DVD-5|Any CPU.ActiveCfg = Debug|Any CPU
		{3B20ACC1-02D7-4F69-AA3A-7FDD3F93A2EE}.DVD-5|Any CPU.Build.0 = Debug|Any CPU
		{3B20ACC1-02D7-4F69-AA3A-7FDD3F93A2EE}.Release|Any CPU.ActiveCfg = Release|Any CPU
		{3B20ACC1-02D7-4F69-AA3A-7FDD3F93A2EE}.Release|Any CPU.Build.0 = Release|Any CPU
		{3B20ACC1-02D7-4F69-AA3A-7FDD3F93A2EE}.SingleImage|Any CPU.ActiveCfg = Release|Any CPU
		{3B20ACC1-02D7-4F69-AA3A-7FDD3F93A2EE}.SingleImage|Any CPU.Build.0 = Release|Any CPU
		{9BDACC69-F880-4F4C-B1F7-8125269AF945}.CD_ROM|Any CPU.ActiveCfg = Release|Any CPU
		{9BDACC69-F880-4F4C-B1F7-8125269AF945}.CD_ROM|Any CPU.Build.0 = Release|Any CPU
		{9BDACC69-F880-4F4C-B1F7-8125269AF945}.Debug|Any CPU.ActiveCfg = Debug|Any CPU
		{9BDACC69-F880-4F4C-B1F7-8125269AF945}.Debug|Any CPU.Build.0 = Debug|Any CPU
		{9BDACC69-F880-4F4C-B1F7-8125269AF945}.DVD-5|Any CPU.ActiveCfg = Debug|Any CPU
		{9BDACC69-F880-4F4C-B1F7-8125269AF945}.DVD-5|Any CPU.Build.0 = Debug|Any CPU
		{9BDACC69-F880-4F4C-B1F7-8125269AF945}.Release|Any CPU.ActiveCfg = Release|Any CPU
		{9BDACC69-F880-4F4C-B1F7-8125269AF945}.Release|Any CPU.Build.0 = Release|Any CPU
		{9BDACC69-F880-4F4C-B1F7-8125269AF945}.SingleImage|Any CPU.ActiveCfg = Release|Any CPU
		{9BDACC69-F880-4F4C-B1F7-8125269AF945}.SingleImage|Any CPU.Build.0 = Release|Any CPU
		{2C54D3B6-35D7-46F9-886F-9CB7A7700238}.CD_ROM|Any CPU.ActiveCfg = Release|Any CPU
		{2C54D3B6-35D7-46F9-886F-9CB7A7700238}.CD_ROM|Any CPU.Build.0 = Release|Any CPU
		{2C54D3B6-35D7-46F9-886F-9CB7A7700238}.Debug|Any CPU.ActiveCfg = Debug|Any CPU
		{2C54D3B6-35D7-46F9-886F-9CB7A7700238}.Debug|Any CPU.Build.0 = Debug|Any CPU
		{2C54D3B6-35D7-46F9-886F-9CB7A7700238}.DVD-5|Any CPU.ActiveCfg = Debug|Any CPU
		{2C54D3B6-35D7-46F9-886F-9CB7A7700238}.DVD-5|Any CPU.Build.0 = Debug|Any CPU
		{2C54D3B6-35D7-46F9-886F-9CB7A7700238}.Release|Any CPU.ActiveCfg = Release|Any CPU
		{2C54D3B6-35D7-46F9-886F-9CB7A7700238}.Release|Any CPU.Build.0 = Release|Any CPU
		{2C54D3B6-35D7-46F9-886F-9CB7A7700238}.SingleImage|Any CPU.ActiveCfg = Release|Any CPU
		{2C54D3B6-35D7-46F9-886F-9CB7A7700238}.SingleImage|Any CPU.Build.0 = Release|Any CPU
		{15D95693-4A9F-4265-A5A9-DEA813362D2A}.CD_ROM|Any CPU.ActiveCfg = CD_ROM
		{15D95693-4A9F-4265-A5A9-DEA813362D2A}.CD_ROM|Any CPU.Build.0 = CD_ROM
		{15D95693-4A9F-4265-A5A9-DEA813362D2A}.Debug|Any CPU.ActiveCfg = DVD-5
		{15D95693-4A9F-4265-A5A9-DEA813362D2A}.Debug|Any CPU.Build.0 = DVD-5
		{15D95693-4A9F-4265-A5A9-DEA813362D2A}.DVD-5|Any CPU.ActiveCfg = DVD-5
		{15D95693-4A9F-4265-A5A9-DEA813362D2A}.DVD-5|Any CPU.Build.0 = DVD-5
		{15D95693-4A9F-4265-A5A9-DEA813362D2A}.Release|Any CPU.ActiveCfg = SingleImage
		{15D95693-4A9F-4265-A5A9-DEA813362D2A}.Release|Any CPU.Build.0 = SingleImage
		{15D95693-4A9F-4265-A5A9-DEA813362D2A}.SingleImage|Any CPU.ActiveCfg = SingleImage
		{15D95693-4A9F-4265-A5A9-DEA813362D2A}.SingleImage|Any CPU.Build.0 = SingleImage
	EndGlobalSection
	GlobalSection(SolutionProperties) = preSolution
		HideSolutionNode = FALSE
	EndGlobalSection
EndGlobal
